
Microsoft Visual Studio Solution File, Format Version 12.00
# Visual Studio 15
VisualStudioVersion = 15.0.26730.15
MinimumVisualStudioVersion = 10.0.40219.1
Project("{FAE04EC0-301F-11D3-BF4B-00C04F79EFBC}") = "WebPMaker", "WebPMaker\WebPMaker.csproj", "{36AFFF9C-D207-4C18-81D2-D55AE5BCED0A}"
EndProject
Project("{930C7802-8A8C-48F9-8165-68863BCCD9DD}") = "WebPMaker.Setup", "WebPMaker.Setup\WebPMaker.Setup.wixproj", "{68724F9D-B281-4B2E-A717-4219DEEB77FC}"
EndProject
Project("{930C7802-8A8C-48F9-8165-68863BCCD9DD}") = "WebPMaker.Bootstrapper", "WebPMaker.Bootstrapper\WebPMaker.Bootstrapper.wixproj", "{06E0E617-D3F3-48F0-BFBF-5DF1801A10CA}"
EndProject
Global
	GlobalSection(SolutionConfigurationPlatforms) = preSolution
		Debug|x64 = Debug|x64
		Release|x64 = Release|x64
	EndGlobalSection
	GlobalSection(ProjectConfigurationPlatforms) = postSolution
		{36AFFF9C-D207-4C18-81D2-D55AE5BCED0A}.Debug|x64.ActiveCfg = Debug|x64
		{36AFFF9C-D207-4C18-81D2-D55AE5BCED0A}.Debug|x64.Build.0 = Debug|x64
		{36AFFF9C-D207-4C18-81D2-D55AE5BCED0A}.Release|x64.ActiveCfg = Release|x64
		{36AFFF9C-D207-4C18-81D2-D55AE5BCED0A}.Release|x64.Build.0 = Release|x64
		{68724F9D-B281-4B2E-A717-4219DEEB77FC}.Debug|x64.ActiveCfg = Debug|x64
		{68724F9D-B281-4B2E-A717-4219DEEB77FC}.Debug|x64.Build.0 = Debug|x64
		{68724F9D-B281-4B2E-A717-4219DEEB77FC}.Release|x64.ActiveCfg = Release|x64
		{68724F9D-B281-4B2E-A717-4219DEEB77FC}.Release|x64.Build.0 = Release|x64
		{06E0E617-D3F3-48F0-BFBF-5DF1801A10CA}.Debug|x64.ActiveCfg = Debug|x64
		{06E0E617-D3F3-48F0-BFBF-5DF1801A10CA}.Debug|x64.Build.0 = Debug|x64
		{06E0E617-D3F3-48F0-BFBF-5DF1801A10CA}.Release|x64.ActiveCfg = Release|x64
		{06E0E617-D3F3-48F0-BFBF-5DF1801A10CA}.Release|x64.Build.0 = Release|x64
	EndGlobalSection
	GlobalSection(SolutionProperties) = preSolution
		HideSolutionNode = FALSE
	EndGlobalSection
	GlobalSection(ExtensibilityGlobals) = postSolution
		SolutionGuid = {1BE4FBF7-8CC4-4E6D-A914-7FD54C4839F2}
	EndGlobalSection
EndGlobal
